
Microsoft Visual Studio Solution File, Format Version 12.00
# Visual Studio Version 17
VisualStudioVersion = 17.3.32929.385
MinimumVisualStudioVersion = 10.0.40219.1
Project("{2150E333-8FDC-42A3-9474-1A3956D46DE8}") = "Application", "Application", "{CE28ECA0-3EF1-4221-A156-285A5B5F58E7}"
EndProject
Project("{2150E333-8FDC-42A3-9474-1A3956D46DE8}") = "Core", "Core", "{AA1CD033-E146-41D7-9D59-F717FEAD0ECE}"
EndProject
Project("{2150E333-8FDC-42A3-9474-1A3956D46DE8}") = "Infra", "Infra", "{07D2692A-4F81-4394-9749-3046A1C0B31C}"
EndProject
Project("{FAE04EC0-301F-11D3-BF4B-00C04F79EFBC}") = "Upd8.Application.Api", "Upd8.Application.Api\Upd8.Application.Api.csproj", "{20BC0AB0-88D2-4328-9032-5EA61438DCFD}"
EndProject
Project("{FAE04EC0-301F-11D3-BF4B-00C04F79EFBC}") = "Upd8.Core.Domain", "Upd8.Core.Domain\Upd8.Core.Domain.csproj", "{55F2B88F-3712-460B-AB3E-ADA84BE3AA2F}"
EndProject
Project("{FAE04EC0-301F-11D3-BF4B-00C04F79EFBC}") = "Upd8.Infra.Data", "Upd8.Infra.Data\Upd8.Infra.Data.csproj", "{CD604D04-A652-416B-8D5E-1EA94F357965}"
EndProject
Project("{FAE04EC0-301F-11D3-BF4B-00C04F79EFBC}") = "Upd8.Infra.CrossCutting", "Upd8.Infra.CrossCutting\Upd8.Infra.CrossCutting.csproj", "{9C43F4E0-E89A-4776-B90D-6B098B93919E}"
EndProject
Project("{2150E333-8FDC-42A3-9474-1A3956D46DE8}") = "Services", "Services", "{6EDFFCB9-96D5-401C-9B17-2172548C8AD2}"
EndProject
Project("{FAE04EC0-301F-11D3-BF4B-00C04F79EFBC}") = "Upd8.Services", "Upd8.Services\Upd8.Services.csproj", "{49A705D9-D7C3-4624-85E7-2BC198544639}"
EndProject
Global
	GlobalSection(SolutionConfigurationPlatforms) = preSolution
		Debug|Any CPU = Debug|Any CPU
		Release|Any CPU = Release|Any CPU
	EndGlobalSection
	GlobalSection(ProjectConfigurationPlatforms) = postSolution
		{20BC0AB0-88D2-4328-9032-5EA61438DCFD}.Debug|Any CPU.ActiveCfg = Debug|Any CPU
		{20BC0AB0-88D2-4328-9032-5EA61438DCFD}.Debug|Any CPU.Build.0 = Debug|Any CPU
		{20BC0AB0-88D2-4328-9032-5EA61438DCFD}.Release|Any CPU.ActiveCfg = Release|Any CPU
		{20BC0AB0-88D2-4328-9032-5EA61438DCFD}.Release|Any CPU.Build.0 = Release|Any CPU
		{55F2B88F-3712-460B-AB3E-ADA84BE3AA2F}.Debug|Any CPU.ActiveCfg = Debug|Any CPU
		{55F2B88F-3712-460B-AB3E-ADA84BE3AA2F}.Debug|Any CPU.Build.0 = Debug|Any CPU
		{55F2B88F-3712-460B-AB3E-ADA84BE3AA2F}.Release|Any CPU.ActiveCfg = Release|Any CPU
		{55F2B88F-3712-460B-AB3E-ADA84BE3AA2F}.Release|Any CPU.Build.0 = Release|Any CPU
		{CD604D04-A652-416B-8D5E-1EA94F357965}.Debug|Any CPU.ActiveCfg = Debug|Any CPU
		{CD604D04-A652-416B-8D5E-1EA94F357965}.Debug|Any CPU.Build.0 = Debug|Any CPU
		{CD604D04-A652-416B-8D5E-1EA94F357965}.Release|Any CPU.ActiveCfg = Release|Any CPU
		{CD604D04-A652-416B-8D5E-1EA94F357965}.Release|Any CPU.Build.0 = Release|Any CPU
		{9C43F4E0-E89A-4776-B90D-6B098B93919E}.Debug|Any CPU.ActiveCfg = Debug|Any CPU
		{9C43F4E0-E89A-4776-B90D-6B098B93919E}.Debug|Any CPU.Build.0 = Debug|Any CPU
		{9C43F4E0-E89A-4776-B90D-6B098B93919E}.Release|Any CPU.ActiveCfg = Release|Any CPU
		{9C43F4E0-E89A-4776-B90D-6B098B93919E}.Release|Any CPU.Build.0 = Release|Any CPU
		{49A705D9-D7C3-4624-85E7-2BC198544639}.Debug|Any CPU.ActiveCfg = Debug|Any CPU
		{49A705D9-D7C3-4624-85E7-2BC198544639}.Debug|Any CPU.Build.0 = Debug|Any CPU
		{49A705D9-D7C3-4624-85E7-2BC198544639}.Release|Any CPU.ActiveCfg = Release|Any CPU
		{49A705D9-D7C3-4624-85E7-2BC198544639}.Release|Any CPU.Build.0 = Release|Any CPU
	EndGlobalSection
	GlobalSection(SolutionProperties) = preSolution
		HideSolutionNode = FALSE
	EndGlobalSection
	GlobalSection(NestedProjects) = preSolution
		{20BC0AB0-88D2-4328-9032-5EA61438DCFD} = {CE28ECA0-3EF1-4221-A156-285A5B5F58E7}
		{55F2B88F-3712-460B-AB3E-ADA84BE3AA2F} = {AA1CD033-E146-41D7-9D59-F717FEAD0ECE}
		{CD604D04-A652-416B-8D5E-1EA94F357965} = {07D2692A-4F81-4394-9749-3046A1C0B31C}
		{9C43F4E0-E89A-4776-B90D-6B098B93919E} = {07D2692A-4F81-4394-9749-3046A1C0B31C}
		{49A705D9-D7C3-4624-85E7-2BC198544639} = {6EDFFCB9-96D5-401C-9B17-2172548C8AD2}
	EndGlobalSection
	GlobalSection(ExtensibilityGlobals) = postSolution
		SolutionGuid = {6DB9C2D0-42B2-4435-9794-35CEA63BC4C1}
	EndGlobalSection
EndGlobal
